<?xml version="1.0" encoding="utf-8"?>
<Project ToolsVersion="4.0" xmlns="http://schemas.microsoft.com/developer/msbuild/2003">
  <ItemGroup>
    <ClCompile Include="IndexBuffer.cpp" />
    <ClCompile Include="main.cpp" />
    <ClCompile Include="Renderer.cpp" />
    <ClCompile Include="Shader.cpp" />
    <ClCompile Include="Texture.cpp" />
    <ClCompile Include="VertexArray.cpp" />
    <ClCompile Include="VertexBuffer.cpp" />
    <ClCompile Include="imgui\imgui_impl_glfw_gl3.cpp">
      <Filter>vendor\imgui</Filter>
    </ClCompile>
    <ClCompile Include="imgui\imgui_draw.cpp">
      <Filter>vendor\imgui</Filter>
    </ClCompile>
    <ClCompile Include="imgui\imgui_demo.cpp">
      <Filter>vendor\imgui</Filter>
    </ClCompile>
    <ClCompile Include="imgui\imgui.cpp">
      <Filter>vendor\imgui</Filter>
    </ClCompile>
    <ClCompile Include="stb_image.cpp">
      <Filter>vendor\glm</Filter>
    </ClCompile>
    <ClCompile Include="tests\BatchTextureTest.cpp">
      <Filter>tests</Filter>
    </ClCompile>
    <ClCompile Include="tests\BatchColorTest.cpp">
      <Filter>tests</Filter>
    </ClCompile>
    <ClCompile Include="tests\BatchRenderTest.cpp">
      <Filter>tests</Filter>
    </ClCompile>
    <ClCompile Include="tests\Test.cpp">
      <Filter>tests</Filter>
    </ClCompile>
    <ClCompile Include="tests\TestClearColor.cpp">
      <Filter>tests</Filter>
    </ClCompile>
    <ClCompile Include="tests\TestPlainTexture.cpp">
      <Filter>tests</Filter>
    </ClCompile>
    <ClCompile Include="tests\DynamicBatchRenderTest.cpp">
      <Filter>tests</Filter>
    </ClCompile>
    <ClCompile Include="tests\CoordinateSystemTest.cpp">
      <Filter>tests</Filter>
    </ClCompile>
  </ItemGroup>
  <ItemGroup>
    <ClInclude Include="IndexBuffer.h" />
    <ClInclude Include="Renderer.h" />
    <ClInclude Include="Shader.h" />
    <ClInclude Include="Texture.h" />
    <ClInclude Include="VertexArray.h" />
    <ClInclude Include="VertexBuffer.h" />
    <ClInclude Include="VertexBufferLayout.h" />
    <ClInclude Include="imgui\imgui_internal.h">
      <Filter>vendor\imgui</Filter>
    </ClInclude>
    <ClInclude Include="imgui\imgui_impl_glfw_gl3.h">
      <Filter>vendor\imgui</Filter>
    </ClInclude>
    <ClInclude Include="imgui\imgui.h">
      <Filter>vendor\imgui</Filter>
    </ClInclude>
    <ClInclude Include="imgui\imconfig.h">
      <Filter>vendor\imgui</Filter>
    </ClInclude>
    <ClInclude Include="GLFW\include\GLFW\glfw3.h">
      <Filter>vendor\imgui</Filter>
    </ClInclude>
    <ClInclude Include="stb_image.h">
      <Filter>vendor\glm</Filter>
    </ClInclude>
    <ClInclude Include="imgui\stb_rect_pack.h">
      <Filter>vendor\glm</Filter>
    </ClInclude>
    <ClInclude Include="imgui\stb_textedit.h">
      <Filter>vendor\glm</Filter>
    </ClInclude>
    <ClInclude Include="imgui\stb_truetype.h">
      <Filter>vendor\glm</Filter>
    </ClInclude>
    <ClInclude Include="tests\BatchTextureTest.h">
      <Filter>tests</Filter>
    </ClInclude>
    <ClInclude Include="tests\BatchColorTest.h">
      <Filter>tests</Filter>
    </ClInclude>
    <ClInclude Include="tests\BatchRenderTest.h">
      <Filter>tests</Filter>
    </ClInclude>
    <ClInclude Include="tests\Test.h">
      <Filter>tests</Filter>
    </ClInclude>
    <ClInclude Include="tests\TestClearColor.h">
      <Filter>tests</Filter>
    </ClInclude>
    <ClInclude Include="tests\TestPlainTexture.h">
      <Filter>tests</Filter>
    </ClInclude>
    <ClInclude Include="tests\DynamicBatchRenderTest.h">
      <Filter>tests</Filter>
    </ClInclude>
    <ClInclude Include="tests\CoordinateSystemTest.h">
      <Filter>tests</Filter>
    </ClInclude>
  </ItemGroup>
  <ItemGroup>
    <None Include="res\shaders\Basic.shader">
      <Filter>Shaders</Filter>
    </None>
    <None Include="res\shaders\BatchRend.shader">
      <Filter>Shaders</Filter>
    </None>
    <None Include="res\shaders\CoordSys.shader">
      <Filter>Shaders</Filter>
    </None>
  </ItemGroup>
  <ItemGroup>
    <Filter Include="vendor">
      <UniqueIdentifier>{886d44d1-9901-43c1-8945-8a41d0456034}</UniqueIdentifier>
    </Filter>
    <Filter Include="vendor\glm">
      <UniqueIdentifier>{d3177b12-99ac-4144-bf1a-62781cd74a01}</UniqueIdentifier>
    </Filter>
    <Filter Include="vendor\imgui">
      <UniqueIdentifier>{9d31f7d2-af36-4d7e-8cc2-0f5cd55540e5}</UniqueIdentifier>
    </Filter>
    <Filter Include="tests">
      <UniqueIdentifier>{d2791d70-1af3-4455-bb8d-c9da88f197e9}</UniqueIdentifier>
    </Filter>
    <Filter Include="Shaders">
      <UniqueIdentifier>{c324c374-a636-4c1e-898f-996e1792c222}</UniqueIdentifier>
    </Filter>
  </ItemGroup>
</Project>